<Solution>
  <Configurations>
    <BuildType Name="Debug" />
    <BuildType Name="EasyTest" />
    <BuildType Name="Release" />
  </Configurations>
  <Folder Name="/Global/">
    <File Path="../nuget.config" />
    <File Path="Directory.Packages.props" />
  </Folder>
  <Project Path="Atlas.Conta.BackOffice.Blazor.Server/Atlas.Conta.BackOffice.Blazor.Server.csproj" />
  <Project Path="Atlas.Conta.BackOffice.Module/Atlas.Conta.BackOffice.Module.csproj" />
  <Project Path="Atlas.Conta.BackOffice.WebApi/Atlas.Conta.BackOffice.WebApi.csproj" />
</Solution>
